// !$*UTF8*$!
{
	archiveVersion = 1;
	classes = {
	};
	objectVersion = 46;
	objects = {

/* Begin PBXBuildFile section */
		222F87BC1DCE453B0068DE2F /* main.m in Sources */ = {isa = PBXBuildFile; fileRef = 222F87BB1DCE453B0068DE2F /* main.m */; };
		222F87BF1DCE453B0068DE2F /* AppDelegate.m in Sources */ = {isa = PBXBuildFile; fileRef = 222F87BE1DCE453B0068DE2F /* AppDelegate.m */; };
		222F87C21DCE453B0068DE2F /* ViewController.m in Sources */ = {isa = PBXBuildFile; fileRef = 222F87C11DCE453B0068DE2F /* ViewController.m */; };
		222F87C51DCE453B0068DE2F /* Main.storyboard in Resources */ = {isa = PBXBuildFile; fileRef = 222F87C31DCE453B0068DE2F /* Main.storyboard */; };
		222F87C71DCE453B0068DE2F /* Assets.xcassets in Resources */ = {isa = PBXBuildFile; fileRef = 222F87C61DCE453B0068DE2F /* Assets.xcassets */; };
		222F87CA1DCE453B0068DE2F /* LaunchScreen.storyboard in Resources */ = {isa = PBXBuildFile; fileRef = 222F87C81DCE453B0068DE2F /* LaunchScreen.storyboard */; };
/* End PBXBuildFile section */

/* Begin PBXFileReference section */
		222F87B71DCE453B0068DE2F /* TOScrollBarExample.app */ = {isa = PBXFileReference; explicitFileType = wrapper.application; includeInIndex = 0; path = TOScrollBarExample.app; sourceTree = BUILT_PRODUCTS_DIR; };
		222F87BB1DCE453B0068DE2F /* main.m */ = {isa = PBXFileReference; lastKnownFileType = sourcecode.c.objc; path = main.m; sourceTree = "<group>"; };
		222F87BD1DCE453B0068DE2F /* AppDelegate.h */ = {isa = PBXFileReference; lastKnownFileType = sourcecode.c.h; path = AppDelegate.h; sourceTree = "<group>"; };
		222F87BE1DCE453B0068DE2F /* AppDelegate.m */ = {isa = PBXFileReference; lastKnownFileType = sourcecode.c.objc; path = AppDelegate.m; sourceTree = "<group>"; };
		222F87C01DCE453B0068DE2F /* ViewController.h */ = {isa = PBXFileReference; lastKnownFileType = sourcecode.c.h; path = ViewController.h; sourceTree = "<group>"; };
		222F87C11DCE453B0068DE2F /* ViewController.m */ = {isa = PBXFileReference; lastKnownFileType = sourcecode.c.objc; path = ViewController.m; sourceTree = "<group>"; };
		222F87C41DCE453B0068DE2F /* Base */ = {isa = PBXFileReference; lastKnownFileType = file.storyboard; name = Base; path = Base.lproj/Main.storyboard; sourceTree = "<group>"; };
		222F87C61DCE453B0068DE2F /* Assets.xcassets */ = {isa = PBXFileReference; lastKnownFileType = folder.assetcatalog; path = Assets.xcassets; sourceTree = "<group>"; };
		222F87C91DCE453B0068DE2F /* Base */ = {isa = PBXFileReference; lastKnownFileType = file.storyboard; name = Base; path = Base.lproj/LaunchScreen.storyboard; sourceTree = "<group>"; };
		222F87CB1DCE453B0068DE2F /* Info.plist */ = {isa = PBXFileReference; lastKnownFileType = text.plist.xml; path = Info.plist; sourceTree = "<group>"; };
/* End PBXFileReference section */

/* Begin PBXFrameworksBuildPhase section */
		222F87B41DCE453B0068DE2F /* Frameworks */ = {
			isa = PBXFrameworksBuildPhase;
			buildActionMask = 2147483647;
			files = (
			);
			runOnlyForDeploymentPostprocessing = 0;
		};
/* End PBXFrameworksBuildPhase section */

/* Begin PBXGroup section */
		222F87AE1DCE453B0068DE2F = {
			isa = PBXGroup;
			children = (
				222F87B91DCE453B0068DE2F /* TOScrollBarExample */,
				222F87B81DCE453B0068DE2F /* Products */,
			);
			sourceTree = "<group>";
		};
		222F87B81DCE453B0068DE2F /* Products */ = {
			isa = PBXGroup;
			children = (
				222F87B71DCE453B0068DE2F /* TOScrollBarExample.app */,
			);
			name = Products;
			sourceTree = "<group>";
		};
		222F87B91DCE453B0068DE2F /* TOScrollBarExample */ = {
			isa = PBXGroup;
			children = (
				222F87BD1DCE453B0068DE2F /* AppDelegate.h */,
				222F87BE1DCE453B0068DE2F /* AppDelegate.m */,
				222F87C01DCE453B0068DE2F /* ViewController.h */,
				222F87C11DCE453B0068DE2F /* ViewController.m */,
				222F87C31DCE453B0068DE2F /* Main.storyboard */,
				222F87C61DCE453B0068DE2F /* Assets.xcassets */,
				222F87C81DCE453B0068DE2F /* LaunchScreen.storyboard */,
				222F87CB1DCE453B0068DE2F /* Info.plist */,
				222F87BA1DCE453B0068DE2F /* Supporting Files */,
			);
			path = TOScrollBarExample;
			sourceTree = "<group>";
		};
		222F87BA1DCE453B0068DE2F /* Supporting Files */ = {
			isa = PBXGroup;
			children = (
				222F87BB1DCE453B0068DE2F /* main.m */,
			);
			name = "Supporting Files";
			sourceTree = "<group>";
		};
/* End PBXGroup section */

/* Begin PBXNativeTarget section */
		222F87B61DCE453B0068DE2F /* TOScrollBarExample */ = {
			isa = PBXNativeTarget;
			buildConfigurationList = 222F87CE1DCE453B0068DE2F /* Build configuration list for PBXNativeTarget "TOScrollBarExample" */;
			buildPhases = (
				222F87B31DCE453B0068DE2F /* Sources */,
				222F87B41DCE453B0068DE2F /* Frameworks */,
				222F87B51DCE453B0068DE2F /* Resources */,
			);
			buildRules = (
			);
			dependencies = (
			);
			name = TOScrollBarExample;
			productName = TOScrollBarExample;
			productReference = 222F87B71DCE453B0068DE2F /* TOScrollBarExample.app */;
			productType = "com.apple.product-type.application";
		};
/* End PBXNativeTarget section */

/* Begin PBXProject section */
		222F87AF1DCE453B0068DE2F /* Project object */ = {
			isa = PBXProject;
			attributes = {
				LastUpgradeCheck = 0810;
				ORGANIZATIONNAME = "Tim Oliver";
				TargetAttributes = {
					222F87B61DCE453B0068DE2F = {
						CreatedOnToolsVersion = 8.1;
						DevelopmentTeam = 6LF3GMKZAB;
						ProvisioningStyle = Automatic;
					};
				};
			};
			buildConfigurationList = 222F87B21DCE453B0068DE2F /* Build configuration list for PBXProject "TOScrollBarExample" */;
			compatibilityVersion = "Xcode 3.2";
			developmentRegion = English;
			hasScannedForEncodings = 0;
			knownRegions = (
				en,
				Base,
			);
			mainGroup = 222F87AE1DCE453B0068DE2F;
			productRefGroup = 222F87B81DCE453B0068DE2F /* Products */;
			projectDirPath = "";
			projectRoot = "";
			targets = (
				222F87B61DCE453B0068DE2F /* TOScrollBarExample */,
			);
		};
/* End PBXProject section */

/* Begin PBXResourcesBuildPhase section */
		222F87B51DCE453B0068DE2F /* Resources */ = {
			isa = PBXResourcesBuildPhase;
			buildActionMask = 2147483647;
			files = (
				222F87CA1DCE453B0068DE2F /* LaunchScreen.storyboard in Resources */,
				222F87C71DCE453B0068DE2F /* Assets.xcassets in Resources */,
				222F87C51DCE453B0068DE2F /* Main.storyboard in Resources */,
			);
			runOnlyForDeploymentPostprocessing = 0;
		};
/* End PBXResourcesBuildPhase section */

/* Begin PBXSourcesBuildPhase section */
		222F87B31DCE453B0068DE2F /* Sources */ = {
			isa = PBXSourcesBuildPhase;
			buildActionMask = 2147483647;
			files = (
				222F87C21DCE453B0068DE2F /* ViewController.m in Sources */,
				222F87BF1DCE453B0068DE2F /* AppDelegate.m in Sources */,
				222F87BC1DCE453B0068DE2F /* main.m in Sources */,
			);
			runOnlyForDeploymentPostprocessing = 0;
		};
/* End PBXSourcesBuildPhase section */

/* Begin PBXVariantGroup section */
		222F87C31DCE453B0068DE2F /* Main.storyboard */ = {
			isa = PBXVariantGroup;
			children = (
				222F87C41DCE453B0068DE2F /* Base */,
			);
			name = Main.storyboard;
			sourceTree = "<group>";
		};
		222F87C81DCE453B0068DE2F /* LaunchScreen.storyboard */ = {
			isa = PBXVariantGroup;
			children = (
				222F87C91DCE453B0068DE2F /* Base */,
			);
			name = LaunchScreen.storyboard;
			sourceTree = "<group>";
		};
/* End PBXVariantGroup section */

/* Begin XCBuildConfiguration section */
		222F87CC1DCE453B0068DE2F /* Debug */ = {
			isa = XCBuildConfiguration;
			buildSettings = {
				ALWAYS_SEARCH_USER_PATHS = NO;
				CLANG_ANALYZER_NONNULL = YES;
				CLANG_CXX_LANGUAGE_STANDARD = "gnu++0x";
				CLANG_CXX_LIBRARY = "libc++";
				CLANG_ENABLE_MODULES = YES;
				CLANG_ENABLE_OBJC_ARC = YES;
				CLANG_WARN_BOOL_CONVERSION = YES;
				CLANG_WARN_CONSTANT_CONVERSION = YES;
				CLANG_WARN_DIRECT_OBJC_ISA_USAGE = YES_ERROR;
				CLANG_WARN_DOCUMENTATION_COMMENTS = YES;
				CLANG_WARN_EMPTY_BODY = YES;
				CLANG_WARN_ENUM_CONVERSION = YES;
				CLANG_WARN_INFINITE_RECURSION = YES;
				CLANG_WARN_INT_CONVERSION = YES;
				CLANG_WARN_OBJC_ROOT_CLASS = YES_ERROR;
				CLANG_WARN_SUSPICIOUS_MOVES = YES;
				CLANG_WARN_UNREACHABLE_CODE = YES;
				CLANG_WARN__DUPLICATE_METHOD_MATCH = YES;
				"CODE_SIGN_IDENTITY[sdk=iphoneos*]" = "iPhone Developer";
				COPY_PHASE_STRIP = NO;
				DEBUG_INFORMATION_FORMAT = dwarf;
				ENABLE_STRICT_OBJC_MSGSEND = YES;
				ENABLE_TESTABILITY = YES;
				GCC_C_LANGUAGE_STANDARD = gnu99;
				GCC_DYNAMIC_NO_PIC = NO;
				GCC_NO_COMMON_BLOCKS = YES;
				GCC_OPTIMIZATION_LEVEL = 0;
				GCC_PREPROCESSOR_DEFINITIONS = (
					"DEBUG=1",
					"$(inherited)",
				);
				GCC_WARN_64_TO_32_BIT_CONVERSION = YES;
				GCC_WARN_ABOUT_RETURN_TYPE = YES_ERROR;
				GCC_WARN_UNDECLARED_SELECTOR = YES;
				GCC_WARN_UNINITIALIZED_AUTOS = YES_AGGRESSIVE;
				GCC_WARN_UNUSED_FUNCTION = YES;
				GCC_WARN_UNUSED_VARIABLE = YES;
				IPHONEOS_DEPLOYMENT_TARGET = 10.1;
				MTL_ENABLE_DEBUG_INFO = YES;
				ONLY_ACTIVE_ARCH = YES;
				SDKROOT = iphoneos;
				TARGETED_DEVICE_FAMILY = "1,2";
			};
			name = Debug;
		};
		222F87CD1DCE453B0068DE2F /* Release */ = {
			isa = XCBuildConfiguration;
			buildSettings = {
				ALWAYS_SEARCH_USER_PATHS = NO;
				CLANG_ANALYZER_NONNULL = YES;
				CLANG_CXX_LANGUAGE_STANDARD = "gnu++0x";
				CLANG_CXX_LIBRARY = "libc++";
				CLANG_ENABLE_MODULES = YES;
				CLANG_ENABLE_OBJC_ARC = YES;
				CLANG_WARN_BOOL_CONVERSION = YES;
				CLANG_WARN_CONSTANT_CONVERSION = YES;
				CLANG_WARN_DIRECT_OBJC_ISA_USAGE = YES_ERROR;
				CLANG_WARN_DOCUMENTATION_COMMENTS = YES;
				CLANG_WARN_EMPTY_BODY = YES;
				CLANG_WARN_ENUM_CONVERSION = YES;
				CLANG_WARN_INFINITE_RECURSION = YES;
				CLANG_WARN_INT_CONVERSION = YES;
				CLANG_WARN_OBJC_ROOT_CLASS = YES_ERROR;
				CLANG_WARN_SUSPICIOUS_MOVES = YES;
				CLANG_WARN_UNREACHABLE_CODE = YES;
				CLANG_WARN__DUPLICATE_METHOD_MATCH = YES;
				"CODE_SIGN_IDENTITY[sdk=iphoneos*]" = "iPhone Developer";
				COPY_PHASE_STRIP = NO;
				DEBUG_INFORMATION_FORMAT = "dwarf-with-dsym";
				ENABLE_NS_ASSERTIONS = NO;
				ENABLE_STRICT_OBJC_MSGSEND = YES;
				GCC_C_LANGUAGE_STANDARD = gnu99;
				GCC_NO_COMMON_BLOCKS = YES;
				GCC_WARN_64_TO_32_BIT_CONVERSION = YES;
				GCC_WARN_ABOUT_RETURN_TYPE = YES_ERROR;
				GCC_WARN_UNDECLARED_SELECTOR = YES;
				GCC_WARN_UNINITIALIZED_AUTOS = YES_AGGRESSIVE;
				GCC_WARN_UNUSED_FUNCTION = YES;
				GCC_WARN_UNUSED_VARIABLE = YES;
				IPHONEOS_DEPLOYMENT_TARGET = 10.1;
				MTL_ENABLE_DEBUG_INFO = NO;
				SDKROOT = iphoneos;
				TARGETED_DEVICE_FAMILY = "1,2";
				VALIDATE_PRODUCT = YES;
			};
			name = Release;
		};
		222F87CF1DCE453B0068DE2F /* Debug */ = {
			isa = XCBuildConfiguration;
			buildSettings = {
				ASSETCATALOG_COMPILER_APPICON_NAME = AppIcon;
				DEVELOPMENT_TEAM = 6LF3GMKZAB;
				INFOPLIST_FILE = TOScrollBarExample/Info.plist;
				LD_RUNPATH_SEARCH_PATHS = "$(inherited) @executable_path/Frameworks";
				PRODUCT_BUNDLE_IDENTIFIER = co.timoliver.TOScrollBarExample;
				PRODUCT_NAME = "$(TARGET_NAME)";
			};
			name = Debug;
		};
		222F87D01DCE453B0068DE2F /* Release */ = {
			isa = XCBuildConfiguration;
			buildSettings = {
				ASSETCATALOG_COMPILER_APPICON_NAME = AppIcon;
				DEVELOPMENT_TEAM = 6LF3GMKZAB;
				INFOPLIST_FILE = TOScrollBarExample/Info.plist;
				LD_RUNPATH_SEARCH_PATHS = "$(inherited) @executable_path/Frameworks";
				PRODUCT_BUNDLE_IDENTIFIER = co.timoliver.TOScrollBarExample;
				PRODUCT_NAME = "$(TARGET_NAME)";
			};
			name = Release;
		};
/* End XCBuildConfiguration section */

/* Begin XCConfigurationList section */
		222F87B21DCE453B0068DE2F /* Build configuration list for PBXProject "TOScrollBarExample" */ = {
			isa = XCConfigurationList;
			buildConfigurations = (
				222F87CC1DCE453B0068DE2F /* Debug */,
				222F87CD1DCE453B0068DE2F /* Release */,
			);
			defaultConfigurationIsVisible = 0;
			defaultConfigurationName = Release;
		};
		222F87CE1DCE453B0068DE2F /* Build configuration list for PBXNativeTarget "TOScrollBarExample" */ = {
			isa = XCConfigurationList;
			buildConfigurations = (
				222F87CF1DCE453B0068DE2F /* Debug */,
				222F87D01DCE453B0068DE2F /* Release */,
			);
			defaultConfigurationIsVisible = 0;
		};
/* End XCConfigurationList section */
	};
	rootObject = 222F87AF1DCE453B0068DE2F /* Project object */;
}
